# THIS IS AN AUTOGENERATED FILE. DO NOT EDIT THIS FILE DIRECTLY.
# yarn lockfile v1


vue-router@^3.1.6:
  version "3.1.6"
  resolved "https://registry.yarnpkg.com/vue-router/-/vue-router-3.1.6.tgz#45f5a3a3843e31702c061dd829393554e4328f89"
  integrity sha512-GYhn2ynaZlysZMkFE5oCHRUTqE8BWs/a9YbKpNLi0i7xD6KG1EzDqpHQmv1F5gXjr8kL5iIVS8EOtRaVUEXTqA==

vuetify@^2.2.23:
  version "2.2.23"
  resolved "https://registry.yarnpkg.com/vuetify/-/vuetify-2.2.23.tgz#9529094425e710d7534e95e41302c7d7d6ea5d8e"
  integrity sha512-VZ0kBLXH7KsVj8dKLz0X1MFvbyf1kOPwh0jXa6M/gKqKkWsEAnwNXpM/H5EMOKDp2H6fjwI1yGAZO0GTpQHoXg==

vuex@^3.2.0:
  version "3.2.0"
  resolved "https://registry.yarnpkg.com/vuex/-/vuex-3.2.0.tgz#86da7f26c3e131ff374870580109145a640ee5a8"
  integrity sha512-qBZGJJ1gUNWZbfZlH7ylIPwENg3R0Ckpq+qPexF065kOMOt1Ixt8WDJmtssVv7OhepWD0+Qie7pOS8f0oQy1JA==
